
Microsoft Visual Studio Solution File, Format Version 11.00
# Visual Studio 2010
Project("{FAE04EC0-301F-11D3-BF4B-00C04F79EFBC}") = "TankFight", "Assembly-CSharp-firstpass.csproj", "{31CF4BE0-6AAC-64F1-0A54-A6CB89A4F635}"
EndProject
Project("{FAE04EC0-301F-11D3-BF4B-00C04F79EFBC}") = "TankFight", "Assembly-CSharp.csproj", "{C1B6E1DE-8C05-8D83-4938-24969221A154}"
EndProject
Project("{FAE04EC0-301F-11D3-BF4B-00C04F79EFBC}") = "TankFight", "Assembly-CSharp-Editor.csproj", "{7086D328-B439-A2E7-5DF4-4CD594B9E5E4}"
EndProject
Global
	GlobalSection(SolutionConfigurationPlatforms) = preSolution
		Debug|Any CPU = Debug|Any CPU
		Release|Any CPU = Release|Any CPU
	EndGlobalSection
	GlobalSection(ProjectConfigurationPlatforms) = postSolution
		{31CF4BE0-6AAC-64F1-0A54-A6CB89A4F635}.Debug|Any CPU.ActiveCfg = Debug|Any CPU
		{31CF4BE0-6AAC-64F1-0A54-A6CB89A4F635}.Debug|Any CPU.Build.0 = Debug|Any CPU
		{31CF4BE0-6AAC-64F1-0A54-A6CB89A4F635}.Release|Any CPU.ActiveCfg = Release|Any CPU
		{31CF4BE0-6AAC-64F1-0A54-A6CB89A4F635}.Release|Any CPU.Build.0 = Release|Any CPU
		{C1B6E1DE-8C05-8D83-4938-24969221A154}.Debug|Any CPU.ActiveCfg = Debug|Any CPU
		{C1B6E1DE-8C05-8D83-4938-24969221A154}.Debug|Any CPU.Build.0 = Debug|Any CPU
		{C1B6E1DE-8C05-8D83-4938-24969221A154}.Release|Any CPU.ActiveCfg = Release|Any CPU
		{C1B6E1DE-8C05-8D83-4938-24969221A154}.Release|Any CPU.Build.0 = Release|Any CPU
		{7086D328-B439-A2E7-5DF4-4CD594B9E5E4}.Debug|Any CPU.ActiveCfg = Debug|Any CPU
		{7086D328-B439-A2E7-5DF4-4CD594B9E5E4}.Debug|Any CPU.Build.0 = Debug|Any CPU
		{7086D328-B439-A2E7-5DF4-4CD594B9E5E4}.Release|Any CPU.ActiveCfg = Release|Any CPU
		{7086D328-B439-A2E7-5DF4-4CD594B9E5E4}.Release|Any CPU.Build.0 = Release|Any CPU
	EndGlobalSection
	GlobalSection(SolutionProperties) = preSolution
		HideSolutionNode = FALSE
	EndGlobalSection
	GlobalSection(MonoDevelopProperties) = preSolution
		StartupItem = Assembly-CSharp.csproj
	EndGlobalSection
EndGlobal
